
Microsoft Visual Studio Solution File, Format Version 12.00
# Visual Studio 2012
Project("{FAE04EC0-301F-11D3-BF4B-00C04F79EFBC}") = "Page2.iOS", "iOS\Page2.iOS.csproj", "{3E2B0E51-A42C-48A8-92E6-4B123DEE0639}"
EndProject
Project("{FAE04EC0-301F-11D3-BF4B-00C04F79EFBC}") = "Page2.Droid", "Droid\Page2.Droid.csproj", "{C9A9EBB0-7B3F-4722-B809-8C7F5369E9CE}"
EndProject
Project("{FAE04EC0-301F-11D3-BF4B-00C04F79EFBC}") = "Page2", "Page2\Page2.csproj", "{C3C72B50-EA27-4DAE-A719-55B0E477967D}"
EndProject
Global
	GlobalSection(SolutionConfigurationPlatforms) = preSolution
		Debug|iPhoneSimulator = Debug|iPhoneSimulator
		Release|iPhone = Release|iPhone
		Release|iPhoneSimulator = Release|iPhoneSimulator
		Debug|iPhone = Debug|iPhone
		Debug|Any CPU = Debug|Any CPU
		Release|Any CPU = Release|Any CPU
	EndGlobalSection
	GlobalSection(ProjectConfigurationPlatforms) = postSolution
		{3E2B0E51-A42C-48A8-92E6-4B123DEE0639}.Debug|Any CPU.ActiveCfg = Debug|iPhoneSimulator
		{3E2B0E51-A42C-48A8-92E6-4B123DEE0639}.Debug|Any CPU.Build.0 = Debug|iPhoneSimulator
		{3E2B0E51-A42C-48A8-92E6-4B123DEE0639}.Debug|iPhone.ActiveCfg = Debug|iPhone
		{3E2B0E51-A42C-48A8-92E6-4B123DEE0639}.Debug|iPhone.Build.0 = Debug|iPhone
		{3E2B0E51-A42C-48A8-92E6-4B123DEE0639}.Debug|iPhoneSimulator.ActiveCfg = Debug|iPhoneSimulator
		{3E2B0E51-A42C-48A8-92E6-4B123DEE0639}.Debug|iPhoneSimulator.Build.0 = Debug|iPhoneSimulator
		{3E2B0E51-A42C-48A8-92E6-4B123DEE0639}.Release|Any CPU.ActiveCfg = Release|iPhone
		{3E2B0E51-A42C-48A8-92E6-4B123DEE0639}.Release|Any CPU.Build.0 = Release|iPhone
		{3E2B0E51-A42C-48A8-92E6-4B123DEE0639}.Release|iPhone.ActiveCfg = Release|iPhone
		{3E2B0E51-A42C-48A8-92E6-4B123DEE0639}.Release|iPhone.Build.0 = Release|iPhone
		{3E2B0E51-A42C-48A8-92E6-4B123DEE0639}.Release|iPhoneSimulator.ActiveCfg = Release|iPhoneSimulator
		{3E2B0E51-A42C-48A8-92E6-4B123DEE0639}.Release|iPhoneSimulator.Build.0 = Release|iPhoneSimulator
		{C3C72B50-EA27-4DAE-A719-55B0E477967D}.Debug|Any CPU.ActiveCfg = Debug|Any CPU
		{C3C72B50-EA27-4DAE-A719-55B0E477967D}.Debug|Any CPU.Build.0 = Debug|Any CPU
		{C3C72B50-EA27-4DAE-A719-55B0E477967D}.Debug|iPhone.ActiveCfg = Debug|Any CPU
		{C3C72B50-EA27-4DAE-A719-55B0E477967D}.Debug|iPhone.Build.0 = Debug|Any CPU
		{C3C72B50-EA27-4DAE-A719-55B0E477967D}.Debug|iPhoneSimulator.ActiveCfg = Debug|Any CPU
		{C3C72B50-EA27-4DAE-A719-55B0E477967D}.Debug|iPhoneSimulator.Build.0 = Debug|Any CPU
		{C3C72B50-EA27-4DAE-A719-55B0E477967D}.Release|Any CPU.ActiveCfg = Release|Any CPU
		{C3C72B50-EA27-4DAE-A719-55B0E477967D}.Release|Any CPU.Build.0 = Release|Any CPU
		{C3C72B50-EA27-4DAE-A719-55B0E477967D}.Release|iPhone.ActiveCfg = Release|Any CPU
		{C3C72B50-EA27-4DAE-A719-55B0E477967D}.Release|iPhone.Build.0 = Release|Any CPU
		{C3C72B50-EA27-4DAE-A719-55B0E477967D}.Release|iPhoneSimulator.ActiveCfg = Release|Any CPU
		{C3C72B50-EA27-4DAE-A719-55B0E477967D}.Release|iPhoneSimulator.Build.0 = Release|Any CPU
		{C9A9EBB0-7B3F-4722-B809-8C7F5369E9CE}.Debug|Any CPU.ActiveCfg = Debug|Any CPU
		{C9A9EBB0-7B3F-4722-B809-8C7F5369E9CE}.Debug|Any CPU.Build.0 = Debug|Any CPU
		{C9A9EBB0-7B3F-4722-B809-8C7F5369E9CE}.Debug|iPhone.ActiveCfg = Debug|Any CPU
		{C9A9EBB0-7B3F-4722-B809-8C7F5369E9CE}.Debug|iPhone.Build.0 = Debug|Any CPU
		{C9A9EBB0-7B3F-4722-B809-8C7F5369E9CE}.Debug|iPhoneSimulator.ActiveCfg = Debug|Any CPU
		{C9A9EBB0-7B3F-4722-B809-8C7F5369E9CE}.Debug|iPhoneSimulator.Build.0 = Debug|Any CPU
		{C9A9EBB0-7B3F-4722-B809-8C7F5369E9CE}.Release|Any CPU.ActiveCfg = Release|Any CPU
		{C9A9EBB0-7B3F-4722-B809-8C7F5369E9CE}.Release|Any CPU.Build.0 = Release|Any CPU
		{C9A9EBB0-7B3F-4722-B809-8C7F5369E9CE}.Release|iPhone.ActiveCfg = Release|Any CPU
		{C9A9EBB0-7B3F-4722-B809-8C7F5369E9CE}.Release|iPhone.Build.0 = Release|Any CPU
		{C9A9EBB0-7B3F-4722-B809-8C7F5369E9CE}.Release|iPhoneSimulator.ActiveCfg = Release|Any CPU
		{C9A9EBB0-7B3F-4722-B809-8C7F5369E9CE}.Release|iPhoneSimulator.Build.0 = Release|Any CPU
	EndGlobalSection
EndGlobal
